
Microsoft Visual Studio Solution File, Format Version 12.00
# Visual Studio Version 16
VisualStudioVersion = 16.0.29806.167
MinimumVisualStudioVersion = 10.0.40219.1
Project("{FAE04EC0-301F-11D3-BF4B-00C04F79EFBC}") = "SimpleIterations", "SimpleIterations\SimpleIterations.csproj", "{ABD8BD48-22CB-4B25-B3C5-C17FA95498EC}"
EndProject
Global
	GlobalSection(SolutionConfigurationPlatforms) = preSolution
		Debug|Any CPU = Debug|Any CPU
		Release|Any CPU = Release|Any CPU
	EndGlobalSection
	GlobalSection(ProjectConfigurationPlatforms) = postSolution
		{ABD8BD48-22CB-4B25-B3C5-C17FA95498EC}.Debug|Any CPU.ActiveCfg = Debug|Any CPU
		{ABD8BD48-22CB-4B25-B3C5-C17FA95498EC}.Debug|Any CPU.Build.0 = Debug|Any CPU
		{ABD8BD48-22CB-4B25-B3C5-C17FA95498EC}.Release|Any CPU.ActiveCfg = Release|Any CPU
		{ABD8BD48-22CB-4B25-B3C5-C17FA95498EC}.Release|Any CPU.Build.0 = Release|Any CPU
	EndGlobalSection
	GlobalSection(SolutionProperties) = preSolution
		HideSolutionNode = FALSE
	EndGlobalSection
	GlobalSection(ExtensibilityGlobals) = postSolution
		SolutionGuid = {0C09EC8C-DACB-4918-9222-92C91A62F111}
	EndGlobalSection
EndGlobal
